
Microsoft Visual Studio Solution File, Format Version 12.00
# Visual Studio 15
VisualStudioVersion = 15.0.28307.572
MinimumVisualStudioVersion = 10.0.40219.1
Project("{FAE04EC0-301F-11D3-BF4B-00C04F79EFBC}") = "EveriseFront", "EveriseFront\EveriseFront.csproj", "{C42A6688-6B53-4C8E-8F78-9A5118E73AB6}"
EndProject
Global
	GlobalSection(SolutionConfigurationPlatforms) = preSolution
		Debug|Any CPU = Debug|Any CPU
		Release|Any CPU = Release|Any CPU
	EndGlobalSection
	GlobalSection(ProjectConfigurationPlatforms) = postSolution
		{C42A6688-6B53-4C8E-8F78-9A5118E73AB6}.Debug|Any CPU.ActiveCfg = Debug|Any CPU
		{C42A6688-6B53-4C8E-8F78-9A5118E73AB6}.Debug|Any CPU.Build.0 = Debug|Any CPU
		{C42A6688-6B53-4C8E-8F78-9A5118E73AB6}.Release|Any CPU.ActiveCfg = Release|Any CPU
		{C42A6688-6B53-4C8E-8F78-9A5118E73AB6}.Release|Any CPU.Build.0 = Release|Any CPU
	EndGlobalSection
	GlobalSection(SolutionProperties) = preSolution
		HideSolutionNode = FALSE
	EndGlobalSection
	GlobalSection(ExtensibilityGlobals) = postSolution
		SolutionGuid = {8A5389DC-1A19-4071-95F7-9E5ADB3F70F8}
	EndGlobalSection
EndGlobal
